
Microsoft Visual Studio Solution File, Format Version 12.00
# Visual Studio 14
VisualStudioVersion = 14.0.25420.1
MinimumVisualStudioVersion = 10.0.40219.1
Project("{2150E333-8FDC-42A3-9474-1A3956D46DE8}") = "SolutionItems", "SolutionItems", "{CCBB0727-ED02-47C5-932B-F31C37193245}"
	ProjectSection(SolutionItems) = preProject
		.tfignore = .tfignore
		DeveloperNotes.txt = DeveloperNotes.txt
	EndProjectSection
EndProject
Project("{FAE04EC0-301F-11D3-BF4B-00C04F79EFBC}") = "BooksAPI", "BooksAPI\BooksAPI.csproj", "{B50DAAEA-1F2D-4B2E-8160-1EC7E7A6EDC3}"
EndProject
Project("{FAE04EC0-301F-11D3-BF4B-00C04F79EFBC}") = "AuthService", "AuthService\AuthService.csproj", "{FA2BFC69-9A69-4074-9133-F545FAD6F893}"
EndProject
Project("{FAE04EC0-301F-11D3-BF4B-00C04F79EFBC}") = "Generator", "Generator\Generator.csproj", "{2EB3C1D0-2163-4EDD-8B86-D090E5604696}"
EndProject
Global
	GlobalSection(SolutionConfigurationPlatforms) = preSolution
		Debug|Any CPU = Debug|Any CPU
		Release|Any CPU = Release|Any CPU
	EndGlobalSection
	GlobalSection(ProjectConfigurationPlatforms) = postSolution
		{B50DAAEA-1F2D-4B2E-8160-1EC7E7A6EDC3}.Debug|Any CPU.ActiveCfg = Debug|Any CPU
		{B50DAAEA-1F2D-4B2E-8160-1EC7E7A6EDC3}.Debug|Any CPU.Build.0 = Debug|Any CPU
		{B50DAAEA-1F2D-4B2E-8160-1EC7E7A6EDC3}.Release|Any CPU.ActiveCfg = Release|Any CPU
		{B50DAAEA-1F2D-4B2E-8160-1EC7E7A6EDC3}.Release|Any CPU.Build.0 = Release|Any CPU
		{FA2BFC69-9A69-4074-9133-F545FAD6F893}.Debug|Any CPU.ActiveCfg = Debug|Any CPU
		{FA2BFC69-9A69-4074-9133-F545FAD6F893}.Debug|Any CPU.Build.0 = Debug|Any CPU
		{FA2BFC69-9A69-4074-9133-F545FAD6F893}.Release|Any CPU.ActiveCfg = Release|Any CPU
		{FA2BFC69-9A69-4074-9133-F545FAD6F893}.Release|Any CPU.Build.0 = Release|Any CPU
		{2EB3C1D0-2163-4EDD-8B86-D090E5604696}.Debug|Any CPU.ActiveCfg = Debug|Any CPU
		{2EB3C1D0-2163-4EDD-8B86-D090E5604696}.Debug|Any CPU.Build.0 = Debug|Any CPU
		{2EB3C1D0-2163-4EDD-8B86-D090E5604696}.Release|Any CPU.ActiveCfg = Release|Any CPU
		{2EB3C1D0-2163-4EDD-8B86-D090E5604696}.Release|Any CPU.Build.0 = Release|Any CPU
	EndGlobalSection
	GlobalSection(SolutionProperties) = preSolution
		HideSolutionNode = FALSE
	EndGlobalSection
EndGlobal
